
Microsoft Visual Studio Solution File, Format Version 12.00
Project("{FAE04EC0-301F-11D3-BF4B-00C04F79EFBC}") = "StockCopilot.Windows", "StockCopilot.Windows\StockCopilot.Windows.csproj", "{68B96D44-2AEE-44B0-BF3A-5EF6F0D0EB32}"
EndProject
Project("{FAE04EC0-301F-11D3-BF4B-00C04F79EFBC}") = "StockCopilot.Abstractions", "StockCopilot.Abstractions\StockCopilot.Abstractions.csproj", "{6970F98B-9A9B-414B-B4C6-71A1D5EE6A1F}"
EndProject
Project("{FAE04EC0-301F-11D3-BF4B-00C04F79EFBC}") = "StockCopilot.Core", "StockCopilot.Core\StockCopilot.Core.csproj", "{6004E2F6-94E6-448A-A52D-C35A19C216B0}"
EndProject
Project("{FAE04EC0-301F-11D3-BF4B-00C04F79EFBC}") = "StockCopilot.Core.Tests", "StockCopilot.Core.Tests\StockCopilot.Core.Tests.csproj", "{156295AB-5582-4935-BBD4-B1B56D4031C1}"
EndProject
Global
	GlobalSection(SolutionConfigurationPlatforms) = preSolution
		Debug|Any CPU = Debug|Any CPU
		Release|Any CPU = Release|Any CPU
	EndGlobalSection
	GlobalSection(ProjectConfigurationPlatforms) = postSolution
		{68B96D44-2AEE-44B0-BF3A-5EF6F0D0EB32}.Debug|Any CPU.ActiveCfg = Debug|Any CPU
		{68B96D44-2AEE-44B0-BF3A-5EF6F0D0EB32}.Debug|Any CPU.Build.0 = Debug|Any CPU
		{68B96D44-2AEE-44B0-BF3A-5EF6F0D0EB32}.Release|Any CPU.ActiveCfg = Release|Any CPU
		{68B96D44-2AEE-44B0-BF3A-5EF6F0D0EB32}.Release|Any CPU.Build.0 = Release|Any CPU
		{6970F98B-9A9B-414B-B4C6-71A1D5EE6A1F}.Debug|Any CPU.ActiveCfg = Debug|Any CPU
		{6970F98B-9A9B-414B-B4C6-71A1D5EE6A1F}.Debug|Any CPU.Build.0 = Debug|Any CPU
		{6970F98B-9A9B-414B-B4C6-71A1D5EE6A1F}.Release|Any CPU.ActiveCfg = Release|Any CPU
		{6970F98B-9A9B-414B-B4C6-71A1D5EE6A1F}.Release|Any CPU.Build.0 = Release|Any CPU
		{6004E2F6-94E6-448A-A52D-C35A19C216B0}.Debug|Any CPU.ActiveCfg = Debug|Any CPU
		{6004E2F6-94E6-448A-A52D-C35A19C216B0}.Debug|Any CPU.Build.0 = Debug|Any CPU
		{6004E2F6-94E6-448A-A52D-C35A19C216B0}.Release|Any CPU.ActiveCfg = Release|Any CPU
		{6004E2F6-94E6-448A-A52D-C35A19C216B0}.Release|Any CPU.Build.0 = Release|Any CPU
		{156295AB-5582-4935-BBD4-B1B56D4031C1}.Debug|Any CPU.ActiveCfg = Debug|Any CPU
		{156295AB-5582-4935-BBD4-B1B56D4031C1}.Debug|Any CPU.Build.0 = Debug|Any CPU
		{156295AB-5582-4935-BBD4-B1B56D4031C1}.Release|Any CPU.ActiveCfg = Release|Any CPU
		{156295AB-5582-4935-BBD4-B1B56D4031C1}.Release|Any CPU.Build.0 = Release|Any CPU
	EndGlobalSection
EndGlobal
